
Microsoft Visual Studio Solution File, Format Version 12.00
# Visual Studio Version 17
VisualStudioVersion = 17.1.32104.313
MinimumVisualStudioVersion = 10.0.40219.1
Project("{9A19103F-16F7-4668-BE54-9A1E7A4F7556}") = "StarSharksTool", "StarSharksTool\StarSharksTool.csproj", "{7A673C20-52B8-4C08-8CC2-385EA9212760}"
EndProject
Global
	GlobalSection(SolutionConfigurationPlatforms) = preSolution
		Debug|Any CPU = Debug|Any CPU
		Release|Any CPU = Release|Any CPU
	EndGlobalSection
	GlobalSection(ProjectConfigurationPlatforms) = postSolution
		{7A673C20-52B8-4C08-8CC2-385EA9212760}.Debug|Any CPU.ActiveCfg = Debug|Any CPU
		{7A673C20-52B8-4C08-8CC2-385EA9212760}.Debug|Any CPU.Build.0 = Debug|Any CPU
		{7A673C20-52B8-4C08-8CC2-385EA9212760}.Release|Any CPU.ActiveCfg = Release|Any CPU
		{7A673C20-52B8-4C08-8CC2-385EA9212760}.Release|Any CPU.Build.0 = Release|Any CPU
	EndGlobalSection
	GlobalSection(SolutionProperties) = preSolution
		HideSolutionNode = FALSE
	EndGlobalSection
	GlobalSection(ExtensibilityGlobals) = postSolution
		SolutionGuid = {3EB6B6D8-7CB8-47F9-AD5D-6465359292F2}
	EndGlobalSection
EndGlobal
